dependencies:
- name: led-sniffer
  repository: file://charts/led-sniffer
  version: 1.0.0
- name: lcd-storage
  repository: file://charts/lcd-storage
  version: 1.0.0
- name: agent
  repository: file://charts/agent
  version: 1.0.0
digest: sha256:3c29b7b1db7a4a35135030532ae225bfc79a1115f6a77157157213c1c3044720
generated: "2025-04-24T17:28:06.48034+02:00"
