dependencies:
- name: led-sniffer
  repository: file://charts/led-sniffer
  version: 1.0.0
- name: lcd-storage
  repository: file://charts/lcd-storage
  version: 1.0.0
- name: agent
  repository: file://charts/agent
  version: 1.0.0
digest: sha256:7c6dc13969313efac05909f20a88fc09ebec6783e907a6f63c6e8e0c3039755c
generated: "2025-04-25T16:42:45.893742+02:00"
